
Microsoft Visual Studio Solution File, Format Version 12.00
# Visual Studio 2012
Project("{FAE04EC0-301F-11D3-BF4B-00C04F79EFBC}") = "Aula 07 - UsandoAreas", "Aula 07 - UsandoAreas\Aula 07 - UsandoAreas.csproj", "{ADDE7D7D-02F5-4155-8C9F-75C34C4D948D}"
EndProject
Global
	GlobalSection(SolutionConfigurationPlatforms) = preSolution
		Debug|Any CPU = Debug|Any CPU
		Release|Any CPU = Release|Any CPU
	EndGlobalSection
	GlobalSection(ProjectConfigurationPlatforms) = postSolution
		{ADDE7D7D-02F5-4155-8C9F-75C34C4D948D}.Debug|Any CPU.ActiveCfg = Debug|Any CPU
		{ADDE7D7D-02F5-4155-8C9F-75C34C4D948D}.Debug|Any CPU.Build.0 = Debug|Any CPU
		{ADDE7D7D-02F5-4155-8C9F-75C34C4D948D}.Release|Any CPU.ActiveCfg = Release|Any CPU
		{ADDE7D7D-02F5-4155-8C9F-75C34C4D948D}.Release|Any CPU.Build.0 = Release|Any CPU
	EndGlobalSection
	GlobalSection(SolutionProperties) = preSolution
		HideSolutionNode = FALSE
	EndGlobalSection
EndGlobal
